
Microsoft Visual Studio Solution File, Format Version 12.00
# Visual Studio Version 16
VisualStudioVersion = 16.0.29519.181
MinimumVisualStudioVersion = 10.0.40219.1
Project("{888888A0-9F3D-457C-B088-3A5042F75D52}") = "exeFileCollector", "exeFileCollector\exeFileCollector.pyproj", "{918DFCB6-C6D5-44B3-B5F7-C93C24B31CE0}"
EndProject
Global
	GlobalSection(SolutionConfigurationPlatforms) = preSolution
		Debug|Any CPU = Debug|Any CPU
		Release|Any CPU = Release|Any CPU
	EndGlobalSection
	GlobalSection(ProjectConfigurationPlatforms) = postSolution
		{918DFCB6-C6D5-44B3-B5F7-C93C24B31CE0}.Debug|Any CPU.ActiveCfg = Debug|Any CPU
		{918DFCB6-C6D5-44B3-B5F7-C93C24B31CE0}.Release|Any CPU.ActiveCfg = Release|Any CPU
	EndGlobalSection
	GlobalSection(SolutionProperties) = preSolution
		HideSolutionNode = FALSE
	EndGlobalSection
	GlobalSection(ExtensibilityGlobals) = postSolution
		SolutionGuid = {96A4FBC8-103B-4656-91EF-5EE844126124}
	EndGlobalSection
EndGlobal
